
Microsoft Visual Studio Solution File, Format Version 12.00
# Visual Studio Version 17
VisualStudioVersion = 17.0.31903.59
MinimumVisualStudioVersion = 10.0.40219.1
Project("{2150E333-8FDC-42A3-9474-1A3956D46DE8}") = "src", "src", "{E51D5559-C930-46AE-BFA4-9FBA70CB9B0C}"
EndProject
Project("{2150E333-8FDC-42A3-9474-1A3956D46DE8}") = "tests", "tests", "{6B1D2B3C-ACBE-4828-8806-595ACA8205B3}"
EndProject
Project("{FAE04EC0-301F-11D3-BF4B-00C04F79EFBC}") = "TheraPay.Core.Tests", "tests\TheraPay.Core.Tests\TheraPay.Core.Tests.csproj", "{E026BF73-F29C-4CA5-9B10-D2CB4468477C}"
EndProject
Project("{FAE04EC0-301F-11D3-BF4B-00C04F79EFBC}") = "TheraPay.Core", "src\TheraPay.Core\TheraPay.Core.csproj", "{EA37D477-E64B-459F-A986-707E8F8FBE31}"
EndProject
Project("{FAE04EC0-301F-11D3-BF4B-00C04F79EFBC}") = "TheraPay.Domain", "src\TheraPay.Domain\TheraPay.Domain.csproj", "{A0C17012-8D02-4F1A-80C1-4C8B2838A87D}"
EndProject
Project("{FAE04EC0-301F-11D3-BF4B-00C04F79EFBC}") = "TheraPay.Domain.Tests", "tests\TheraPay.Domain.Tests\TheraPay.Domain.Tests.csproj", "{28D02031-D1C0-41E2-9740-AEA5FD094580}"
EndProject
Project("{FAE04EC0-301F-11D3-BF4B-00C04F79EFBC}") = "TheraPay.UI", "src\TheraPay.UI\TheraPay.UI.csproj", "{CAA85126-F6E9-48A3-8FA0-720AE58F2CB0}"
EndProject
Project("{FAE04EC0-301F-11D3-BF4B-00C04F79EFBC}") = "TheraPay.UI.Tests", "tests\TheraPay.UI.Tests\TheraPay.UI.Tests.csproj", "{737472A4-A27F-4A11-B036-0FED7CC3FD49}"
EndProject
Project("{FAE04EC0-301F-11D3-BF4B-00C04F79EFBC}") = "Export", "src\TheraPay.Infrastructure\Export\Export.csproj", "{7FD5DE4C-769F-41BE-88EF-11DC05AB781D}"
EndProject
Project("{2150E333-8FDC-42A3-9474-1A3956D46DE8}") = "TheraPay.Infrastructure", "TheraPay.Infrastructure", "{275EB769-2652-30AF-C747-13C85702D0B8}"
EndProject
Project("{FAE04EC0-301F-11D3-BF4B-00C04F79EFBC}") = "csv", "src\TheraPay.Infrastructure\csv\csv.csproj", "{761BD340-6F5A-4D9D-85D9-EEDD80FBAEB3}"
EndProject
Project("{FAE04EC0-301F-11D3-BF4B-00C04F79EFBC}") = "TheraPay.Infrastructure.csv.Tests", "tests\TheraPay.Infrastructure.csv.Tests\TheraPay.Infrastructure.csv.Tests.csproj", "{E858CF00-34B3-4D5B-B6A7-BE0F0C2AC3E5}"
EndProject
Project("{FAE04EC0-301F-11D3-BF4B-00C04F79EFBC}") = "TheraPay.Infrastructure.Export.Tests", "tests\TheraPay.Infrastructure.Export.Tests\TheraPay.Infrastructure.Export.Tests.csproj", "{B893651D-8582-4C31-B869-2B3A7C9A71A7}"
EndProject
Project("{FAE04EC0-301F-11D3-BF4B-00C04F79EFBC}") = "Encryption", "src\TheraPay.Infrastructure\Encryption\Encryption.csproj", "{B086B276-F6DF-4DB2-9DD6-F510C0083927}"
EndProject
Global
	GlobalSection(SolutionConfigurationPlatforms) = preSolution
		Debug|Any CPU = Debug|Any CPU
		Debug|x64 = Debug|x64
		Debug|x86 = Debug|x86
		Release|Any CPU = Release|Any CPU
		Release|x64 = Release|x64
		Release|x86 = Release|x86
	EndGlobalSection
	GlobalSection(ProjectConfigurationPlatforms) = postSolution
		{E026BF73-F29C-4CA5-9B10-D2CB4468477C}.Debug|Any CPU.ActiveCfg = Debug|Any CPU
		{E026BF73-F29C-4CA5-9B10-D2CB4468477C}.Debug|Any CPU.Build.0 = Debug|Any CPU
		{E026BF73-F29C-4CA5-9B10-D2CB4468477C}.Debug|x64.ActiveCfg = Debug|Any CPU
		{E026BF73-F29C-4CA5-9B10-D2CB4468477C}.Debug|x64.Build.0 = Debug|Any CPU
		{E026BF73-F29C-4CA5-9B10-D2CB4468477C}.Debug|x86.ActiveCfg = Debug|Any CPU
		{E026BF73-F29C-4CA5-9B10-D2CB4468477C}.Debug|x86.Build.0 = Debug|Any CPU
		{E026BF73-F29C-4CA5-9B10-D2CB4468477C}.Release|Any CPU.ActiveCfg = Release|Any CPU
		{E026BF73-F29C-4CA5-9B10-D2CB4468477C}.Release|Any CPU.Build.0 = Release|Any CPU
		{E026BF73-F29C-4CA5-9B10-D2CB4468477C}.Release|x64.ActiveCfg = Release|Any CPU
		{E026BF73-F29C-4CA5-9B10-D2CB4468477C}.Release|x64.Build.0 = Release|Any CPU
		{E026BF73-F29C-4CA5-9B10-D2CB4468477C}.Release|x86.ActiveCfg = Release|Any CPU
		{E026BF73-F29C-4CA5-9B10-D2CB4468477C}.Release|x86.Build.0 = Release|Any CPU
		{EA37D477-E64B-459F-A986-707E8F8FBE31}.Debug|Any CPU.ActiveCfg = Debug|Any CPU
		{EA37D477-E64B-459F-A986-707E8F8FBE31}.Debug|Any CPU.Build.0 = Debug|Any CPU
		{EA37D477-E64B-459F-A986-707E8F8FBE31}.Debug|x64.ActiveCfg = Debug|Any CPU
		{EA37D477-E64B-459F-A986-707E8F8FBE31}.Debug|x64.Build.0 = Debug|Any CPU
		{EA37D477-E64B-459F-A986-707E8F8FBE31}.Debug|x86.ActiveCfg = Debug|Any CPU
		{EA37D477-E64B-459F-A986-707E8F8FBE31}.Debug|x86.Build.0 = Debug|Any CPU
		{EA37D477-E64B-459F-A986-707E8F8FBE31}.Release|Any CPU.ActiveCfg = Release|Any CPU
		{EA37D477-E64B-459F-A986-707E8F8FBE31}.Release|Any CPU.Build.0 = Release|Any CPU
		{EA37D477-E64B-459F-A986-707E8F8FBE31}.Release|x64.ActiveCfg = Release|Any CPU
		{EA37D477-E64B-459F-A986-707E8F8FBE31}.Release|x64.Build.0 = Release|Any CPU
		{EA37D477-E64B-459F-A986-707E8F8FBE31}.Release|x86.ActiveCfg = Release|Any CPU
		{EA37D477-E64B-459F-A986-707E8F8FBE31}.Release|x86.Build.0 = Release|Any CPU
		{A0C17012-8D02-4F1A-80C1-4C8B2838A87D}.Debug|Any CPU.ActiveCfg = Debug|Any CPU
		{A0C17012-8D02-4F1A-80C1-4C8B2838A87D}.Debug|Any CPU.Build.0 = Debug|Any CPU
		{A0C17012-8D02-4F1A-80C1-4C8B2838A87D}.Debug|x64.ActiveCfg = Debug|Any CPU
		{A0C17012-8D02-4F1A-80C1-4C8B2838A87D}.Debug|x64.Build.0 = Debug|Any CPU
		{A0C17012-8D02-4F1A-80C1-4C8B2838A87D}.Debug|x86.ActiveCfg = Debug|Any CPU
		{A0C17012-8D02-4F1A-80C1-4C8B2838A87D}.Debug|x86.Build.0 = Debug|Any CPU
		{A0C17012-8D02-4F1A-80C1-4C8B2838A87D}.Release|Any CPU.ActiveCfg = Release|Any CPU
		{A0C17012-8D02-4F1A-80C1-4C8B2838A87D}.Release|Any CPU.Build.0 = Release|Any CPU
		{A0C17012-8D02-4F1A-80C1-4C8B2838A87D}.Release|x64.ActiveCfg = Release|Any CPU
		{A0C17012-8D02-4F1A-80C1-4C8B2838A87D}.Release|x64.Build.0 = Release|Any CPU
		{A0C17012-8D02-4F1A-80C1-4C8B2838A87D}.Release|x86.ActiveCfg = Release|Any CPU
		{A0C17012-8D02-4F1A-80C1-4C8B2838A87D}.Release|x86.Build.0 = Release|Any CPU
		{28D02031-D1C0-41E2-9740-AEA5FD094580}.Debug|Any CPU.ActiveCfg = Debug|Any CPU
		{28D02031-D1C0-41E2-9740-AEA5FD094580}.Debug|Any CPU.Build.0 = Debug|Any CPU
		{28D02031-D1C0-41E2-9740-AEA5FD094580}.Debug|x64.ActiveCfg = Debug|Any CPU
		{28D02031-D1C0-41E2-9740-AEA5FD094580}.Debug|x64.Build.0 = Debug|Any CPU
		{28D02031-D1C0-41E2-9740-AEA5FD094580}.Debug|x86.ActiveCfg = Debug|Any CPU
		{28D02031-D1C0-41E2-9740-AEA5FD094580}.Debug|x86.Build.0 = Debug|Any CPU
		{28D02031-D1C0-41E2-9740-AEA5FD094580}.Release|Any CPU.ActiveCfg = Release|Any CPU
		{28D02031-D1C0-41E2-9740-AEA5FD094580}.Release|Any CPU.Build.0 = Release|Any CPU
		{28D02031-D1C0-41E2-9740-AEA5FD094580}.Release|x64.ActiveCfg = Release|Any CPU
		{28D02031-D1C0-41E2-9740-AEA5FD094580}.Release|x64.Build.0 = Release|Any CPU
		{28D02031-D1C0-41E2-9740-AEA5FD094580}.Release|x86.ActiveCfg = Release|Any CPU
		{28D02031-D1C0-41E2-9740-AEA5FD094580}.Release|x86.Build.0 = Release|Any CPU
		{CAA85126-F6E9-48A3-8FA0-720AE58F2CB0}.Debug|Any CPU.ActiveCfg = Debug|Any CPU
		{CAA85126-F6E9-48A3-8FA0-720AE58F2CB0}.Debug|Any CPU.Build.0 = Debug|Any CPU
		{CAA85126-F6E9-48A3-8FA0-720AE58F2CB0}.Release|Any CPU.ActiveCfg = Release|Any CPU
		{CAA85126-F6E9-48A3-8FA0-720AE58F2CB0}.Release|Any CPU.Build.0 = Release|Any CPU
		{737472A4-A27F-4A11-B036-0FED7CC3FD49}.Debug|Any CPU.ActiveCfg = Debug|Any CPU
		{737472A4-A27F-4A11-B036-0FED7CC3FD49}.Debug|Any CPU.Build.0 = Debug|Any CPU
		{737472A4-A27F-4A11-B036-0FED7CC3FD49}.Debug|x64.ActiveCfg = Debug|Any CPU
		{737472A4-A27F-4A11-B036-0FED7CC3FD49}.Debug|x64.Build.0 = Debug|Any CPU
		{737472A4-A27F-4A11-B036-0FED7CC3FD49}.Debug|x86.ActiveCfg = Debug|Any CPU
		{737472A4-A27F-4A11-B036-0FED7CC3FD49}.Debug|x86.Build.0 = Debug|Any CPU
		{737472A4-A27F-4A11-B036-0FED7CC3FD49}.Release|Any CPU.ActiveCfg = Release|Any CPU
		{737472A4-A27F-4A11-B036-0FED7CC3FD49}.Release|Any CPU.Build.0 = Release|Any CPU
		{737472A4-A27F-4A11-B036-0FED7CC3FD49}.Release|x64.ActiveCfg = Release|Any CPU
		{737472A4-A27F-4A11-B036-0FED7CC3FD49}.Release|x64.Build.0 = Release|Any CPU
		{737472A4-A27F-4A11-B036-0FED7CC3FD49}.Release|x86.ActiveCfg = Release|Any CPU
		{737472A4-A27F-4A11-B036-0FED7CC3FD49}.Release|x86.Build.0 = Release|Any CPU
		{7FD5DE4C-769F-41BE-88EF-11DC05AB781D}.Debug|Any CPU.ActiveCfg = Debug|Any CPU
		{7FD5DE4C-769F-41BE-88EF-11DC05AB781D}.Debug|Any CPU.Build.0 = Debug|Any CPU
		{7FD5DE4C-769F-41BE-88EF-11DC05AB781D}.Debug|x64.ActiveCfg = Debug|Any CPU
		{7FD5DE4C-769F-41BE-88EF-11DC05AB781D}.Debug|x64.Build.0 = Debug|Any CPU
		{7FD5DE4C-769F-41BE-88EF-11DC05AB781D}.Debug|x86.ActiveCfg = Debug|Any CPU
		{7FD5DE4C-769F-41BE-88EF-11DC05AB781D}.Debug|x86.Build.0 = Debug|Any CPU
		{7FD5DE4C-769F-41BE-88EF-11DC05AB781D}.Release|Any CPU.ActiveCfg = Release|Any CPU
		{7FD5DE4C-769F-41BE-88EF-11DC05AB781D}.Release|Any CPU.Build.0 = Release|Any CPU
		{7FD5DE4C-769F-41BE-88EF-11DC05AB781D}.Release|x64.ActiveCfg = Release|Any CPU
		{7FD5DE4C-769F-41BE-88EF-11DC05AB781D}.Release|x64.Build.0 = Release|Any CPU
		{7FD5DE4C-769F-41BE-88EF-11DC05AB781D}.Release|x86.ActiveCfg = Release|Any CPU
		{7FD5DE4C-769F-41BE-88EF-11DC05AB781D}.Release|x86.Build.0 = Release|Any CPU
		{761BD340-6F5A-4D9D-85D9-EEDD80FBAEB3}.Debug|Any CPU.ActiveCfg = Debug|Any CPU
		{761BD340-6F5A-4D9D-85D9-EEDD80FBAEB3}.Debug|Any CPU.Build.0 = Debug|Any CPU
		{761BD340-6F5A-4D9D-85D9-EEDD80FBAEB3}.Debug|x64.ActiveCfg = Debug|Any CPU
		{761BD340-6F5A-4D9D-85D9-EEDD80FBAEB3}.Debug|x64.Build.0 = Debug|Any CPU
		{761BD340-6F5A-4D9D-85D9-EEDD80FBAEB3}.Debug|x86.ActiveCfg = Debug|Any CPU
		{761BD340-6F5A-4D9D-85D9-EEDD80FBAEB3}.Debug|x86.Build.0 = Debug|Any CPU
		{761BD340-6F5A-4D9D-85D9-EEDD80FBAEB3}.Release|Any CPU.ActiveCfg = Release|Any CPU
		{761BD340-6F5A-4D9D-85D9-EEDD80FBAEB3}.Release|Any CPU.Build.0 = Release|Any CPU
		{761BD340-6F5A-4D9D-85D9-EEDD80FBAEB3}.Release|x64.ActiveCfg = Release|Any CPU
		{761BD340-6F5A-4D9D-85D9-EEDD80FBAEB3}.Release|x64.Build.0 = Release|Any CPU
		{761BD340-6F5A-4D9D-85D9-EEDD80FBAEB3}.Release|x86.ActiveCfg = Release|Any CPU
		{761BD340-6F5A-4D9D-85D9-EEDD80FBAEB3}.Release|x86.Build.0 = Release|Any CPU
		{E858CF00-34B3-4D5B-B6A7-BE0F0C2AC3E5}.Debug|Any CPU.ActiveCfg = Debug|Any CPU
		{E858CF00-34B3-4D5B-B6A7-BE0F0C2AC3E5}.Debug|Any CPU.Build.0 = Debug|Any CPU
		{E858CF00-34B3-4D5B-B6A7-BE0F0C2AC3E5}.Debug|x64.ActiveCfg = Debug|Any CPU
		{E858CF00-34B3-4D5B-B6A7-BE0F0C2AC3E5}.Debug|x64.Build.0 = Debug|Any CPU
		{E858CF00-34B3-4D5B-B6A7-BE0F0C2AC3E5}.Debug|x86.ActiveCfg = Debug|Any CPU
		{E858CF00-34B3-4D5B-B6A7-BE0F0C2AC3E5}.Debug|x86.Build.0 = Debug|Any CPU
		{E858CF00-34B3-4D5B-B6A7-BE0F0C2AC3E5}.Release|Any CPU.ActiveCfg = Release|Any CPU
		{E858CF00-34B3-4D5B-B6A7-BE0F0C2AC3E5}.Release|Any CPU.Build.0 = Release|Any CPU
		{E858CF00-34B3-4D5B-B6A7-BE0F0C2AC3E5}.Release|x64.ActiveCfg = Release|Any CPU
		{E858CF00-34B3-4D5B-B6A7-BE0F0C2AC3E5}.Release|x64.Build.0 = Release|Any CPU
		{E858CF00-34B3-4D5B-B6A7-BE0F0C2AC3E5}.Release|x86.ActiveCfg = Release|Any CPU
		{E858CF00-34B3-4D5B-B6A7-BE0F0C2AC3E5}.Release|x86.Build.0 = Release|Any CPU
		{B893651D-8582-4C31-B869-2B3A7C9A71A7}.Debug|Any CPU.ActiveCfg = Debug|Any CPU
		{B893651D-8582-4C31-B869-2B3A7C9A71A7}.Debug|Any CPU.Build.0 = Debug|Any CPU
		{B893651D-8582-4C31-B869-2B3A7C9A71A7}.Debug|x64.ActiveCfg = Debug|Any CPU
		{B893651D-8582-4C31-B869-2B3A7C9A71A7}.Debug|x64.Build.0 = Debug|Any CPU
		{B893651D-8582-4C31-B869-2B3A7C9A71A7}.Debug|x86.ActiveCfg = Debug|Any CPU
		{B893651D-8582-4C31-B869-2B3A7C9A71A7}.Debug|x86.Build.0 = Debug|Any CPU
		{B893651D-8582-4C31-B869-2B3A7C9A71A7}.Release|Any CPU.ActiveCfg = Release|Any CPU
		{B893651D-8582-4C31-B869-2B3A7C9A71A7}.Release|Any CPU.Build.0 = Release|Any CPU
		{B893651D-8582-4C31-B869-2B3A7C9A71A7}.Release|x64.ActiveCfg = Release|Any CPU
		{B893651D-8582-4C31-B869-2B3A7C9A71A7}.Release|x64.Build.0 = Release|Any CPU
		{B893651D-8582-4C31-B869-2B3A7C9A71A7}.Release|x86.ActiveCfg = Release|Any CPU
		{B893651D-8582-4C31-B869-2B3A7C9A71A7}.Release|x86.Build.0 = Release|Any CPU
		{B086B276-F6DF-4DB2-9DD6-F510C0083927}.Debug|Any CPU.ActiveCfg = Debug|Any CPU
		{B086B276-F6DF-4DB2-9DD6-F510C0083927}.Debug|Any CPU.Build.0 = Debug|Any CPU
		{B086B276-F6DF-4DB2-9DD6-F510C0083927}.Debug|x64.ActiveCfg = Debug|Any CPU
		{B086B276-F6DF-4DB2-9DD6-F510C0083927}.Debug|x64.Build.0 = Debug|Any CPU
		{B086B276-F6DF-4DB2-9DD6-F510C0083927}.Debug|x86.ActiveCfg = Debug|Any CPU
		{B086B276-F6DF-4DB2-9DD6-F510C0083927}.Debug|x86.Build.0 = Debug|Any CPU
		{B086B276-F6DF-4DB2-9DD6-F510C0083927}.Release|Any CPU.ActiveCfg = Release|Any CPU
		{B086B276-F6DF-4DB2-9DD6-F510C0083927}.Release|Any CPU.Build.0 = Release|Any CPU
		{B086B276-F6DF-4DB2-9DD6-F510C0083927}.Release|x64.ActiveCfg = Release|Any CPU
		{B086B276-F6DF-4DB2-9DD6-F510C0083927}.Release|x64.Build.0 = Release|Any CPU
		{B086B276-F6DF-4DB2-9DD6-F510C0083927}.Release|x86.ActiveCfg = Release|Any CPU
		{B086B276-F6DF-4DB2-9DD6-F510C0083927}.Release|x86.Build.0 = Release|Any CPU
	EndGlobalSection
	GlobalSection(SolutionProperties) = preSolution
		HideSolutionNode = FALSE
	EndGlobalSection
	GlobalSection(NestedProjects) = preSolution
		{E026BF73-F29C-4CA5-9B10-D2CB4468477C} = {6B1D2B3C-ACBE-4828-8806-595ACA8205B3}
		{EA37D477-E64B-459F-A986-707E8F8FBE31} = {E51D5559-C930-46AE-BFA4-9FBA70CB9B0C}
		{A0C17012-8D02-4F1A-80C1-4C8B2838A87D} = {E51D5559-C930-46AE-BFA4-9FBA70CB9B0C}
		{28D02031-D1C0-41E2-9740-AEA5FD094580} = {6B1D2B3C-ACBE-4828-8806-595ACA8205B3}
		{CAA85126-F6E9-48A3-8FA0-720AE58F2CB0} = {E51D5559-C930-46AE-BFA4-9FBA70CB9B0C}
		{737472A4-A27F-4A11-B036-0FED7CC3FD49} = {6B1D2B3C-ACBE-4828-8806-595ACA8205B3}
		{7FD5DE4C-769F-41BE-88EF-11DC05AB781D} = {E51D5559-C930-46AE-BFA4-9FBA70CB9B0C}
		{275EB769-2652-30AF-C747-13C85702D0B8} = {E51D5559-C930-46AE-BFA4-9FBA70CB9B0C}
		{761BD340-6F5A-4D9D-85D9-EEDD80FBAEB3} = {275EB769-2652-30AF-C747-13C85702D0B8}
		{E858CF00-34B3-4D5B-B6A7-BE0F0C2AC3E5} = {6B1D2B3C-ACBE-4828-8806-595ACA8205B3}
		{B893651D-8582-4C31-B869-2B3A7C9A71A7} = {6B1D2B3C-ACBE-4828-8806-595ACA8205B3}
		{B086B276-F6DF-4DB2-9DD6-F510C0083927} = {275EB769-2652-30AF-C747-13C85702D0B8}
	EndGlobalSection
EndGlobal
